<Solution>
  <Folder Name="/Solution Items/">
    <File Path="README.md" />
    <File Path="infra/template.yaml" />
    <File Path="src/FCG.Notifications.Function/Dockerfile" />
  </Folder>
  <Project Path="src/FCG.Notifications.Application/FCG.Notifications.Application.csproj" />
  <Project Path="src/FCG.Notifications.Infrastructure/FCG.Notifications.Infrastructure.csproj" />
  <Project Path="src/FCG.Notifications.Function/FCG.Notifications.Function.csproj" />
</Solution>
